// !$*UTF8*$!
{
	archiveVersion = 1;
	classes = {
	};
	objectVersion = 46;
	objects = {

/* Begin PBXBuildFile section */
		7FA36A4419725BE50026E563 /* gitLink.cpp in Sources */ = {isa = PBXBuildFile; fileRef = 7FA36A3719725BE50026E563 /* gitLink.cpp */; };
		7FA36A4519725BE50026E563 /* gitLink.h in Headers */ = {isa = PBXBuildFile; fileRef = 7FA36A3819725BE50026E563 /* gitLink.h */; };
		7FA36A4619725BE50026E563 /* gitLinkPriv.h in Headers */ = {isa = PBXBuildFile; fileRef = 7FA36A3919725BE50026E563 /* gitLinkPriv.h */; };
		7FA36A4719725BE50026E563 /* Message.cpp in Sources */ = {isa = PBXBuildFile; fileRef = 7FA36A3A19725BE50026E563 /* Message.cpp */; };
		7FA36A4819725BE50026E563 /* Message.h in Headers */ = {isa = PBXBuildFile; fileRef = 7FA36A3B19725BE50026E563 /* Message.h */; };
		7FA36A4919725BE50026E563 /* RepoInterface.cpp in Sources */ = {isa = PBXBuildFile; fileRef = 7FA36A3C19725BE50026E563 /* RepoInterface.cpp */; };
		7FA36A4A19725BE50026E563 /* RepoInterface.h in Headers */ = {isa = PBXBuildFile; fileRef = 7FA36A3D19725BE50026E563 /* RepoInterface.h */; };
		7FA36A4B19725BE50026E563 /* libgit2.dylib in Frameworks */ = {isa = PBXBuildFile; fileRef = 7FA36A3F19725BE50026E563 /* libgit2.dylib */; };
		7FA36A4C19725BE50026E563 /* WolframLibrary.h in Headers */ = {isa = PBXBuildFile; fileRef = 7FA36A4019725BE50026E563 /* WolframLibrary.h */; };
		7FA36A4D19725BE50026E563 /* GitLinkRepository.cpp in Sources */ = {isa = PBXBuildFile; fileRef = 7FA36A4219725BE50026E563 /* GitLinkRepository.cpp */; };
		7FA36A4E19725BE50026E563 /* GitLinkRepository.h in Headers */ = {isa = PBXBuildFile; fileRef = 7FA36A4319725BE50026E563 /* GitLinkRepository.h */; };
		7FA36A51197266930026E563 /* MLHelper.cpp in Sources */ = {isa = PBXBuildFile; fileRef = 7FA36A4F197266930026E563 /* MLHelper.cpp */; };
		7FA36A52197266930026E563 /* MLHelper.h in Headers */ = {isa = PBXBuildFile; fileRef = 7FA36A50197266930026E563 /* MLHelper.h */; };
		7FA36A55197ECA9C0026E563 /* GitLinkCommit.cpp in Sources */ = {isa = PBXBuildFile; fileRef = 7FA36A53197ECA9C0026E563 /* GitLinkCommit.cpp */; };
		7FA36A56197ECA9C0026E563 /* GitLinkCommit.h in Headers */ = {isa = PBXBuildFile; fileRef = 7FA36A54197ECA9C0026E563 /* GitLinkCommit.h */; };
		7FA36A59197ED9530026E563 /* mathlink.h in Headers */ = {isa = PBXBuildFile; fileRef = 7FA36A57197ED9530026E563 /* mathlink.h */; };
		7FA36A5A197ED9530026E563 /* libMLi4.a in Frameworks */ = {isa = PBXBuildFile; fileRef = 7FA36A58197ED9530026E563 /* libMLi4.a */; };
		7FA36A5D197EE29B0026E563 /* CommitInterface.cpp in Sources */ = {isa = PBXBuildFile; fileRef = 7FA36A5B197EE29B0026E563 /* CommitInterface.cpp */; };
		7FA36A5E197EE29B0026E563 /* CommitInterface.h in Headers */ = {isa = PBXBuildFile; fileRef = 7FA36A5C197EE29B0026E563 /* CommitInterface.h */; };
		7FA36A61197F8B2F0026E563 /* GitLinkCommitRange.h in Headers */ = {isa = PBXBuildFile; fileRef = 7FA36A5F197F8B2F0026E563 /* GitLinkCommitRange.h */; };
		7FA36A62197F8B2F0026E563 /* GitLinkCommitRange.cpp in Sources */ = {isa = PBXBuildFile; fileRef = 7FA36A60197F8B2F0026E563 /* GitLinkCommitRange.cpp */; };
		7FAC28E419C0628100FF524D /* CherryPickInterface.cpp in Sources */ = {isa = PBXBuildFile; fileRef = 7FAC28E219C0628100FF524D /* CherryPickInterface.cpp */; };
		7FAC28E519C0628100FF524D /* CherryPickInterface.h in Headers */ = {isa = PBXBuildFile; fileRef = 7FAC28E319C0628100FF524D /* CherryPickInterface.h */; };
		7FAC28E719C8A9A900FF524D /* RefInterface.cpp in Sources */ = {isa = PBXBuildFile; fileRef = 7FAC28E619C8A9A900FF524D /* RefInterface.cpp */; };
		7FAC28E919C9262F00FF524D /* GitLinkSuperClass.h in Headers */ = {isa = PBXBuildFile; fileRef = 7FAC28E819C9262F00FF524D /* GitLinkSuperClass.h */; };
		7FFC21011964184D0061116D /* mathlink.h in Headers */ = {isa = PBXBuildFile; fileRef = 7FFC21001964184D0061116D /* mathlink.h */; };
/* End PBXBuildFile section */

/* Begin PBXFileReference section */
		7FA36A3719725BE50026E563 /* gitLink.cpp */ = {isa = PBXFileReference; fileEncoding = 4; lastKnownFileType = sourcecode.cpp.cpp; path = gitLink.cpp; sourceTree = "<group>"; };
		7FA36A3819725BE50026E563 /* gitLink.h */ = {isa = PBXFileReference; fileEncoding = 4; lastKnownFileType = sourcecode.c.h; path = gitLink.h; sourceTree = "<group>"; };
		7FA36A3919725BE50026E563 /* gitLinkPriv.h */ = {isa = PBXFileReference; fileEncoding = 4; lastKnownFileType = sourcecode.c.h; path = gitLinkPriv.h; sourceTree = "<group>"; };
		7FA36A3A19725BE50026E563 /* Message.cpp */ = {isa = PBXFileReference; fileEncoding = 4; lastKnownFileType = sourcecode.cpp.cpp; path = Message.cpp; sourceTree = "<group>"; };
		7FA36A3B19725BE50026E563 /* Message.h */ = {isa = PBXFileReference; fileEncoding = 4; lastKnownFileType = sourcecode.c.h; path = Message.h; sourceTree = "<group>"; };
		7FA36A3C19725BE50026E563 /* RepoInterface.cpp */ = {isa = PBXFileReference; fileEncoding = 4; lastKnownFileType = sourcecode.cpp.cpp; path = RepoInterface.cpp; sourceTree = "<group>"; };
		7FA36A3D19725BE50026E563 /* RepoInterface.h */ = {isa = PBXFileReference; fileEncoding = 4; lastKnownFileType = sourcecode.c.h; path = RepoInterface.h; sourceTree = "<group>"; };
		7FA36A3F19725BE50026E563 /* libgit2.dylib */ = {isa = PBXFileReference; lastKnownFileType = "compiled.mach-o.dylib"; path = libgit2.dylib; sourceTree = "<group>"; };
		7FA36A4019725BE50026E563 /* WolframLibrary.h */ = {isa = PBXFileReference; fileEncoding = 4; lastKnownFileType = sourcecode.c.h; path = WolframLibrary.h; sourceTree = "<group>"; };
		7FA36A4219725BE50026E563 /* GitLinkRepository.cpp */ = {isa = PBXFileReference; fileEncoding = 4; lastKnownFileType = sourcecode.cpp.cpp; path = GitLinkRepository.cpp; sourceTree = "<group>"; };
		7FA36A4319725BE50026E563 /* GitLinkRepository.h */ = {isa = PBXFileReference; fileEncoding = 4; lastKnownFileType = sourcecode.c.h; path = GitLinkRepository.h; sourceTree = "<group>"; };
		7FA36A4F197266930026E563 /* MLHelper.cpp */ = {isa = PBXFileReference; fileEncoding = 4; lastKnownFileType = sourcecode.cpp.cpp; name = MLHelper.cpp; path = classes/MLHelper.cpp; sourceTree = SOURCE_ROOT; };
		7FA36A50197266930026E563 /* MLHelper.h */ = {isa = PBXFileReference; fileEncoding = 4; lastKnownFileType = sourcecode.c.h; name = MLHelper.h; path = classes/MLHelper.h; sourceTree = SOURCE_ROOT; };
		7FA36A53197ECA9C0026E563 /* GitLinkCommit.cpp */ = {isa = PBXFileReference; fileEncoding = 4; lastKnownFileType = sourcecode.cpp.cpp; path = GitLinkCommit.cpp; sourceTree = "<group>"; };
		7FA36A54197ECA9C0026E563 /* GitLinkCommit.h */ = {isa = PBXFileReference; fileEncoding = 4; lastKnownFileType = sourcecode.c.h; path = GitLinkCommit.h; sourceTree = "<group>"; };
		7FA36A57197ED9530026E563 /* mathlink.h */ = {isa = PBXFileReference; fileEncoding = 4; lastKnownFileType = sourcecode.c.h; path = mathlink.h; sourceTree = "<group>"; };
		7FA36A58197ED9530026E563 /* libMLi4.a */ = {isa = PBXFileReference; lastKnownFileType = archive.ar; path = libMLi4.a; sourceTree = "<group>"; };
		7FA36A5B197EE29B0026E563 /* CommitInterface.cpp */ = {isa = PBXFileReference; fileEncoding = 4; lastKnownFileType = sourcecode.cpp.cpp; path = CommitInterface.cpp; sourceTree = "<group>"; };
		7FA36A5C197EE29B0026E563 /* CommitInterface.h */ = {isa = PBXFileReference; fileEncoding = 4; lastKnownFileType = sourcecode.c.h; path = CommitInterface.h; sourceTree = "<group>"; };
		7FA36A5F197F8B2F0026E563 /* GitLinkCommitRange.h */ = {isa = PBXFileReference; fileEncoding = 4; lastKnownFileType = sourcecode.c.h; path = GitLinkCommitRange.h; sourceTree = "<group>"; };
		7FA36A60197F8B2F0026E563 /* GitLinkCommitRange.cpp */ = {isa = PBXFileReference; fileEncoding = 4; lastKnownFileType = sourcecode.cpp.cpp; path = GitLinkCommitRange.cpp; sourceTree = "<group>"; };
		7FAC28E219C0628100FF524D /* CherryPickInterface.cpp */ = {isa = PBXFileReference; fileEncoding = 4; lastKnownFileType = sourcecode.cpp.cpp; path = CherryPickInterface.cpp; sourceTree = "<group>"; };
		7FAC28E319C0628100FF524D /* CherryPickInterface.h */ = {isa = PBXFileReference; fileEncoding = 4; lastKnownFileType = sourcecode.c.h; path = CherryPickInterface.h; sourceTree = "<group>"; };
		7FAC28E619C8A9A900FF524D /* RefInterface.cpp */ = {isa = PBXFileReference; fileEncoding = 4; lastKnownFileType = sourcecode.cpp.cpp; path = RefInterface.cpp; sourceTree = "<group>"; };
		7FAC28E819C9262F00FF524D /* GitLinkSuperClass.h */ = {isa = PBXFileReference; fileEncoding = 4; lastKnownFileType = sourcecode.c.h; path = GitLinkSuperClass.h; sourceTree = "<group>"; };
		7FFC20D619518ED50061116D /* gitLink.dylib */ = {isa = PBXFileReference; explicitFileType = "compiled.mach-o.dylib"; includeInIndex = 0; path = gitLink.dylib; sourceTree = BUILT_PRODUCTS_DIR; };
		7FFC20DA19518ED50061116D /* gitLink-Prefix.pch */ = {isa = PBXFileReference; lastKnownFileType = sourcecode.c.h; path = "gitLink-Prefix.pch"; sourceTree = "<group>"; };
		7FFC20DB19518ED50061116D /* gitLinkProj.xcconfig */ = {isa = PBXFileReference; lastKnownFileType = text.xcconfig; path = gitLinkProj.xcconfig; sourceTree = "<group>"; };
		7FFC20DC19518ED50061116D /* gitLinkTarget.xcconfig */ = {isa = PBXFileReference; lastKnownFileType = text.xcconfig; path = gitLinkTarget.xcconfig; sourceTree = "<group>"; };
		7FFC21001964184D0061116D /* mathlink.h */ = {isa = PBXFileReference; fileEncoding = 4; lastKnownFileType = sourcecode.c.h; name = mathlink.h; path = ../MathLinkDarwin/mathlink.h; sourceTree = "<group>"; };
/* End PBXFileReference section */

/* Begin PBXFrameworksBuildPhase section */
		7FFC20D319518ED50061116D /* Frameworks */ = {
			isa = PBXFrameworksBuildPhase;
			buildActionMask = 2147483647;
			files = (
				7FA36A4B19725BE50026E563 /* libgit2.dylib in Frameworks */,
				7FA36A5A197ED9530026E563 /* libMLi4.a in Frameworks */,
			);
			runOnlyForDeploymentPostprocessing = 0;
		};
/* End PBXFrameworksBuildPhase section */

/* Begin PBXGroup section */
		7FA36A3619725BE50026E563 /* interface */ = {
			isa = PBXGroup;
			children = (
				7FAC28E619C8A9A900FF524D /* RefInterface.cpp */,
				7FAC28E219C0628100FF524D /* CherryPickInterface.cpp */,
				7FAC28E319C0628100FF524D /* CherryPickInterface.h */,
				7FA36A5B197EE29B0026E563 /* CommitInterface.cpp */,
				7FA36A5C197EE29B0026E563 /* CommitInterface.h */,
				7FA36A3719725BE50026E563 /* gitLink.cpp */,
				7FA36A3819725BE50026E563 /* gitLink.h */,
				7FA36A3919725BE50026E563 /* gitLinkPriv.h */,
				7FA36A3A19725BE50026E563 /* Message.cpp */,
				7FA36A3B19725BE50026E563 /* Message.h */,
				7FA36A3C19725BE50026E563 /* RepoInterface.cpp */,
				7FA36A3D19725BE50026E563 /* RepoInterface.h */,
			);
			path = interface;
			sourceTree = SOURCE_ROOT;
		};
		7FA36A3E19725BE50026E563 /* external */ = {
			isa = PBXGroup;
			children = (
				7FA36A57197ED9530026E563 /* mathlink.h */,
				7FA36A58197ED9530026E563 /* libMLi4.a */,
				7FA36A3F19725BE50026E563 /* libgit2.dylib */,
				7FA36A4019725BE50026E563 /* WolframLibrary.h */,
			);
			path = external;
			sourceTree = SOURCE_ROOT;
		};
		7FA36A4119725BE50026E563 /* classes */ = {
			isa = PBXGroup;
			children = (
				7FAC28E819C9262F00FF524D /* GitLinkSuperClass.h */,
				7FA36A5F197F8B2F0026E563 /* GitLinkCommitRange.h */,
				7FA36A60197F8B2F0026E563 /* GitLinkCommitRange.cpp */,
				7FA36A53197ECA9C0026E563 /* GitLinkCommit.cpp */,
				7FA36A54197ECA9C0026E563 /* GitLinkCommit.h */,
				7FA36A4219725BE50026E563 /* GitLinkRepository.cpp */,
				7FA36A4319725BE50026E563 /* GitLinkRepository.h */,
				7FA36A4F197266930026E563 /* MLHelper.cpp */,
				7FA36A50197266930026E563 /* MLHelper.h */,
			);
			path = classes;
			sourceTree = SOURCE_ROOT;
		};
		7FFC20CD19518ED50061116D = {
			isa = PBXGroup;
			children = (
				7FFC21001964184D0061116D /* mathlink.h */,
				7FFC20D819518ED50061116D /* gitLink */,
				7FFC20D719518ED50061116D /* Products */,
			);
			sourceTree = "<group>";
		};
		7FFC20D719518ED50061116D /* Products */ = {
			isa = PBXGroup;
			children = (
				7FFC20D619518ED50061116D /* gitLink.dylib */,
			);
			name = Products;
			sourceTree = "<group>";
		};
		7FFC20D819518ED50061116D /* gitLink */ = {
			isa = PBXGroup;
			children = (
				7FA36A3619725BE50026E563 /* interface */,
				7FA36A3E19725BE50026E563 /* external */,
				7FA36A4119725BE50026E563 /* classes */,
				7FFC20DB19518ED50061116D /* gitLinkProj.xcconfig */,
				7FFC20DC19518ED50061116D /* gitLinkTarget.xcconfig */,
				7FFC20D919518ED50061116D /* Supporting Files */,
			);
			path = gitLink;
			sourceTree = "<group>";
		};
		7FFC20D919518ED50061116D /* Supporting Files */ = {
			isa = PBXGroup;
			children = (
				7FFC20DA19518ED50061116D /* gitLink-Prefix.pch */,
			);
			name = "Supporting Files";
			sourceTree = "<group>";
		};
/* End PBXGroup section */

/* Begin PBXHeadersBuildPhase section */
		7FFC20D419518ED50061116D /* Headers */ = {
			isa = PBXHeadersBuildPhase;
			buildActionMask = 2147483647;
			files = (
				7FA36A5E197EE29B0026E563 /* CommitInterface.h in Headers */,
				7FA36A59197ED9530026E563 /* mathlink.h in Headers */,
				7FA36A4E19725BE50026E563 /* GitLinkRepository.h in Headers */,
				7FA36A52197266930026E563 /* MLHelper.h in Headers */,
				7FAC28E919C9262F00FF524D /* GitLinkSuperClass.h in Headers */,
				7FFC21011964184D0061116D /* mathlink.h in Headers */,
				7FA36A56197ECA9C0026E563 /* GitLinkCommit.h in Headers */,
				7FAC28E519C0628100FF524D /* CherryPickInterface.h in Headers */,
				7FA36A61197F8B2F0026E563 /* GitLinkCommitRange.h in Headers */,
				7FA36A4A19725BE50026E563 /* RepoInterface.h in Headers */,
				7FA36A4519725BE50026E563 /* gitLink.h in Headers */,
				7FA36A4619725BE50026E563 /* gitLinkPriv.h in Headers */,
				7FA36A4C19725BE50026E563 /* WolframLibrary.h in Headers */,
				7FA36A4819725BE50026E563 /* Message.h in Headers */,
			);
			runOnlyForDeploymentPostprocessing = 0;
		};
/* End PBXHeadersBuildPhase section */

/* Begin PBXNativeTarget section */
		7FFC20D519518ED50061116D /* gitLink */ = {
			isa = PBXNativeTarget;
			buildConfigurationList = 7FFC20E319518ED50061116D /* Build configuration list for PBXNativeTarget "gitLink" */;
			buildPhases = (
				7FFC20D219518ED50061116D /* Sources */,
				7FFC20D319518ED50061116D /* Frameworks */,
				7FFC20D419518ED50061116D /* Headers */,
			);
			buildRules = (
			);
			dependencies = (
			);
			name = gitLink;
			productName = gitLink;
			productReference = 7FFC20D619518ED50061116D /* gitLink.dylib */;
			productType = "com.apple.product-type.library.dynamic";
		};
/* End PBXNativeTarget section */

/* Begin PBXProject section */
		7FFC20CE19518ED50061116D /* Project object */ = {
			isa = PBXProject;
			attributes = {
				LastUpgradeCheck = 0510;
				ORGANIZATIONNAME = "Wolfram Research";
			};
			buildConfigurationList = 7FFC20D119518ED50061116D /* Build configuration list for PBXProject "gitLink" */;
			compatibilityVersion = "Xcode 3.2";
			developmentRegion = English;
			hasScannedForEncodings = 0;
			knownRegions = (
				en,
			);
			mainGroup = 7FFC20CD19518ED50061116D;
			productRefGroup = 7FFC20D719518ED50061116D /* Products */;
			projectDirPath = "";
			projectRoot = "";
			targets = (
				7FFC20D519518ED50061116D /* gitLink */,
			);
		};
/* End PBXProject section */

/* Begin PBXSourcesBuildPhase section */
		7FFC20D219518ED50061116D /* Sources */ = {
			isa = PBXSourcesBuildPhase;
			buildActionMask = 2147483647;
			files = (
				7FA36A51197266930026E563 /* MLHelper.cpp in Sources */,
				7FA36A4D19725BE50026E563 /* GitLinkRepository.cpp in Sources */,
				7FA36A5D197EE29B0026E563 /* CommitInterface.cpp in Sources */,
				7FA36A4419725BE50026E563 /* gitLink.cpp in Sources */,
				7FA36A55197ECA9C0026E563 /* GitLinkCommit.cpp in Sources */,
				7FA36A4919725BE50026E563 /* RepoInterface.cpp in Sources */,
				7FAC28E419C0628100FF524D /* CherryPickInterface.cpp in Sources */,
				7FAC28E719C8A9A900FF524D /* RefInterface.cpp in Sources */,
				7FA36A4719725BE50026E563 /* Message.cpp in Sources */,
				7FA36A62197F8B2F0026E563 /* GitLinkCommitRange.cpp in Sources */,
			);
			runOnlyForDeploymentPostprocessing = 0;
		};
/* End PBXSourcesBuildPhase section */

/* Begin XCBuildConfiguration section */
		7FFC20E119518ED50061116D /* Debug */ = {
			isa = XCBuildConfiguration;
			buildSettings = {
				ALWAYS_SEARCH_USER_PATHS = NO;
				CLANG_CXX_LANGUAGE_STANDARD = "gnu++0x";
				CLANG_CXX_LIBRARY = "libc++";
				CLANG_ENABLE_MODULES = YES;
				CLANG_ENABLE_OBJC_ARC = YES;
				CLANG_WARN_BOOL_CONVERSION = YES;
				CLANG_WARN_CONSTANT_CONVERSION = YES;
				CLANG_WARN_DIRECT_OBJC_ISA_USAGE = YES_ERROR;
				CLANG_WARN_EMPTY_BODY = YES;
				CLANG_WARN_ENUM_CONVERSION = YES;
				CLANG_WARN_INT_CONVERSION = YES;
				CLANG_WARN_OBJC_ROOT_CLASS = YES_ERROR;
				CLANG_WARN__DUPLICATE_METHOD_MATCH = YES;
				COPY_PHASE_STRIP = NO;
				GCC_C_LANGUAGE_STANDARD = gnu99;
				GCC_DYNAMIC_NO_PIC = NO;
				GCC_ENABLE_OBJC_EXCEPTIONS = YES;
				GCC_OPTIMIZATION_LEVEL = 0;
				GCC_PREPROCESSOR_DEFINITIONS = (
					"DEBUG=1",
					"$(inherited)",
				);
				GCC_SYMBOLS_PRIVATE_EXTERN = NO;
				GCC_WARN_64_TO_32_BIT_CONVERSION = YES;
				GCC_WARN_ABOUT_RETURN_TYPE = YES_ERROR;
				GCC_WARN_UNDECLARED_SELECTOR = YES;
				GCC_WARN_UNINITIALIZED_AUTOS = YES_AGGRESSIVE;
				GCC_WARN_UNUSED_FUNCTION = YES;
				GCC_WARN_UNUSED_VARIABLE = YES;
				MACOSX_DEPLOYMENT_TARGET = 10.9;
				ONLY_ACTIVE_ARCH = YES;
				SDKROOT = macosx;
			};
			name = Debug;
		};
		7FFC20E219518ED50061116D /* Release */ = {
			isa = XCBuildConfiguration;
			buildSettings = {
				ALWAYS_SEARCH_USER_PATHS = NO;
				CLANG_CXX_LANGUAGE_STANDARD = "gnu++0x";
				CLANG_CXX_LIBRARY = "libc++";
				CLANG_ENABLE_MODULES = YES;
				CLANG_ENABLE_OBJC_ARC = YES;
				CLANG_WARN_BOOL_CONVERSION = YES;
				CLANG_WARN_CONSTANT_CONVERSION = YES;
				CLANG_WARN_DIRECT_OBJC_ISA_USAGE = YES_ERROR;
				CLANG_WARN_EMPTY_BODY = YES;
				CLANG_WARN_ENUM_CONVERSION = YES;
				CLANG_WARN_INT_CONVERSION = YES;
				CLANG_WARN_OBJC_ROOT_CLASS = YES_ERROR;
				CLANG_WARN__DUPLICATE_METHOD_MATCH = YES;
				COPY_PHASE_STRIP = YES;
				DEBUG_INFORMATION_FORMAT = "dwarf-with-dsym";
				ENABLE_NS_ASSERTIONS = NO;
				GCC_C_LANGUAGE_STANDARD = gnu99;
				GCC_ENABLE_OBJC_EXCEPTIONS = YES;
				GCC_WARN_64_TO_32_BIT_CONVERSION = YES;
				GCC_WARN_ABOUT_RETURN_TYPE = YES_ERROR;
				GCC_WARN_UNDECLARED_SELECTOR = YES;
				GCC_WARN_UNINITIALIZED_AUTOS = YES_AGGRESSIVE;
				GCC_WARN_UNUSED_FUNCTION = YES;
				GCC_WARN_UNUSED_VARIABLE = YES;
				MACOSX_DEPLOYMENT_TARGET = 10.9;
				SDKROOT = macosx;
			};
			name = Release;
		};
		7FFC20E419518ED50061116D /* Debug */ = {
			isa = XCBuildConfiguration;
			buildSettings = {
				CLANG_CXX_LIBRARY = "libstdc++";
				FRAMEWORK_SEARCH_PATHS = (
					"$(inherited)",
					"$(PROJECT_DIR)/../MathLinkDarwin",
				);
				HEADER_SEARCH_PATHS = (
					"$(inherited)",
					/Applications/Xcode.app/Contents/Developer/Toolchains/XcodeDefault.xctoolchain/usr/include,
					/usr/local/include,
				);
				LIBRARY_SEARCH_PATHS = (
					/usr/local/lib,
					"$(PROJECT_DIR)",
					"$(PROJECT_DIR)/../MathLinkDarwin",
					"$(PROJECT_DIR)/external",
				);
				LINK_WITH_STANDARD_LIBRARIES = YES;
				OTHER_LDFLAGS = (
					"-framework",
					Foundation,
				);
				PRELINK_LIBS = "";
				PRODUCT_NAME = "$(TARGET_NAME)";
			};
			name = Debug;
		};
		7FFC20E519518ED50061116D /* Release */ = {
			isa = XCBuildConfiguration;
			buildSettings = {
				CLANG_CXX_LIBRARY = "libstdc++";
				FRAMEWORK_SEARCH_PATHS = (
					"$(inherited)",
					"$(PROJECT_DIR)/../MathLinkDarwin",
				);
				HEADER_SEARCH_PATHS = (
					"$(inherited)",
					/Applications/Xcode.app/Contents/Developer/Toolchains/XcodeDefault.xctoolchain/usr/include,
					/usr/local/include,
				);
				LIBRARY_SEARCH_PATHS = (
					/usr/local/lib,
					"$(PROJECT_DIR)",
					"$(PROJECT_DIR)/../MathLinkDarwin",
					"$(PROJECT_DIR)/external",
				);
				LINK_WITH_STANDARD_LIBRARIES = YES;
				OTHER_LDFLAGS = (
					"-framework",
					Foundation,
				);
				PRELINK_LIBS = "";
				PRODUCT_NAME = "$(TARGET_NAME)";
			};
			name = Release;
		};
/* End XCBuildConfiguration section */

/* Begin XCConfigurationList section */
		7FFC20D119518ED50061116D /* Build configuration list for PBXProject "gitLink" */ = {
			isa = XCConfigurationList;
			buildConfigurations = (
				7FFC20E119518ED50061116D /* Debug */,
				7FFC20E219518ED50061116D /* Release */,
			);
			defaultConfigurationIsVisible = 0;
			defaultConfigurationName = Release;
		};
		7FFC20E319518ED50061116D /* Build configuration list for PBXNativeTarget "gitLink" */ = {
			isa = XCConfigurationList;
			buildConfigurations = (
				7FFC20E419518ED50061116D /* Debug */,
				7FFC20E519518ED50061116D /* Release */,
			);
			defaultConfigurationIsVisible = 0;
			defaultConfigurationName = Release;
		};
/* End XCConfigurationList section */
	};
	rootObject = 7FFC20CE19518ED50061116D /* Project object */;
}
